
Microsoft Visual Studio Solution File, Format Version 12.00
# Visual Studio Version 17
VisualStudioVersion = 17.5.33530.505
MinimumVisualStudioVersion = 10.0.40219.1
Project("{9A19103F-16F7-4668-BE54-9A1E7A4F7556}") = "Antelcat.Foundation.Core", "Antelcat.Foundation.Core\Antelcat.Foundation.Core.csproj", "{A1D34A1E-0B4B-4157-965C-C0481F4F158B}"
EndProject
Project("{9A19103F-16F7-4668-BE54-9A1E7A4F7556}") = "Antelcat.Foundation.Test", "Antelcat.Foundation.Test\Antelcat.Foundation.Test.csproj", "{A06804BF-B209-45CA-AD95-2ACEF107154E}"
EndProject
Project("{9A19103F-16F7-4668-BE54-9A1E7A4F7556}") = "Antelcat.Foundation.Server.Test", "Antelcat.Foundation.Server.Test\Antelcat.Foundation.Server.Test.csproj", "{34417DC5-ACF6-45C9-97DF-BB35346E6198}"
EndProject
Project("{9A19103F-16F7-4668-BE54-9A1E7A4F7556}") = "Antelcat.Foundation.Server", "Antelcat.Foundation.Server\Antelcat.Foundation.Server.csproj", "{2FEE2CF7-019C-43F3-98B4-BF98F783A5E5}"
EndProject
Project("{9A19103F-16F7-4668-BE54-9A1E7A4F7556}") = "Feast.RequestMapper", "..\extern\RequestMapper\Feast.RequestMapper\Feast.RequestMapper.csproj", "{E043CD45-A14F-4FEC-8E94-6F6D5DC77DA9}"
EndProject
Project("{FAE04EC0-301F-11D3-BF4B-00C04F79EFBC}") = "Antelcat.Foundation.Wpf", "Antelcat.Foundation.Wpf\Antelcat.Foundation.Wpf.csproj", "{DDB10C01-A67C-4C43-8E03-D489E13DE7AE}"
EndProject
Global
	GlobalSection(SolutionConfigurationPlatforms) = preSolution
		Debug|Any CPU = Debug|Any CPU
		Release|Any CPU = Release|Any CPU
	EndGlobalSection
	GlobalSection(ProjectConfigurationPlatforms) = postSolution
		{A1D34A1E-0B4B-4157-965C-C0481F4F158B}.Debug|Any CPU.ActiveCfg = Debug|Any CPU
		{A1D34A1E-0B4B-4157-965C-C0481F4F158B}.Debug|Any CPU.Build.0 = Debug|Any CPU
		{A1D34A1E-0B4B-4157-965C-C0481F4F158B}.Release|Any CPU.ActiveCfg = Release|Any CPU
		{A1D34A1E-0B4B-4157-965C-C0481F4F158B}.Release|Any CPU.Build.0 = Release|Any CPU
		{A06804BF-B209-45CA-AD95-2ACEF107154E}.Debug|Any CPU.ActiveCfg = Debug|Any CPU
		{A06804BF-B209-45CA-AD95-2ACEF107154E}.Debug|Any CPU.Build.0 = Debug|Any CPU
		{A06804BF-B209-45CA-AD95-2ACEF107154E}.Release|Any CPU.ActiveCfg = Release|Any CPU
		{A06804BF-B209-45CA-AD95-2ACEF107154E}.Release|Any CPU.Build.0 = Release|Any CPU
		{34417DC5-ACF6-45C9-97DF-BB35346E6198}.Debug|Any CPU.ActiveCfg = Debug|Any CPU
		{34417DC5-ACF6-45C9-97DF-BB35346E6198}.Debug|Any CPU.Build.0 = Debug|Any CPU
		{34417DC5-ACF6-45C9-97DF-BB35346E6198}.Release|Any CPU.ActiveCfg = Release|Any CPU
		{34417DC5-ACF6-45C9-97DF-BB35346E6198}.Release|Any CPU.Build.0 = Release|Any CPU
		{2FEE2CF7-019C-43F3-98B4-BF98F783A5E5}.Debug|Any CPU.ActiveCfg = Debug|Any CPU
		{2FEE2CF7-019C-43F3-98B4-BF98F783A5E5}.Debug|Any CPU.Build.0 = Debug|Any CPU
		{2FEE2CF7-019C-43F3-98B4-BF98F783A5E5}.Release|Any CPU.ActiveCfg = Release|Any CPU
		{2FEE2CF7-019C-43F3-98B4-BF98F783A5E5}.Release|Any CPU.Build.0 = Release|Any CPU
		{E043CD45-A14F-4FEC-8E94-6F6D5DC77DA9}.Debug|Any CPU.ActiveCfg = Debug|Any CPU
		{E043CD45-A14F-4FEC-8E94-6F6D5DC77DA9}.Debug|Any CPU.Build.0 = Debug|Any CPU
		{E043CD45-A14F-4FEC-8E94-6F6D5DC77DA9}.Release|Any CPU.ActiveCfg = Release|Any CPU
		{E043CD45-A14F-4FEC-8E94-6F6D5DC77DA9}.Release|Any CPU.Build.0 = Release|Any CPU
		{DDB10C01-A67C-4C43-8E03-D489E13DE7AE}.Debug|Any CPU.ActiveCfg = Debug|Any CPU
		{DDB10C01-A67C-4C43-8E03-D489E13DE7AE}.Debug|Any CPU.Build.0 = Debug|Any CPU
		{DDB10C01-A67C-4C43-8E03-D489E13DE7AE}.Release|Any CPU.ActiveCfg = Release|Any CPU
		{DDB10C01-A67C-4C43-8E03-D489E13DE7AE}.Release|Any CPU.Build.0 = Release|Any CPU
	EndGlobalSection
	GlobalSection(SolutionProperties) = preSolution
		HideSolutionNode = FALSE
	EndGlobalSection
	GlobalSection(ExtensibilityGlobals) = postSolution
		SolutionGuid = {12A6634E-E6F4-44E2-8323-253FE5BC5F6B}
	EndGlobalSection
EndGlobal
